// !$*UTF8*$!
{
	archiveVersion = 1;
	classes = {
	};
	objectVersion = 50;
	objects = {

/* Begin PBXBuildFile section */
		B966A5BD251473B10052BF61 /* AppDelegate.swift in Sources */ = {isa = PBXBuildFile; fileRef = B966A5BC251473B10052BF61 /* AppDelegate.swift */; };
		B966A5BF251473B10052BF61 /* ViewController.swift in Sources */ = {isa = PBXBuildFile; fileRef = B966A5BE251473B10052BF61 /* ViewController.swift */; };
		B966A5C2251473B10052BF61 /* Main.storyboard in Resources */ = {isa = PBXBuildFile; fileRef = B966A5C0251473B10052BF61 /* Main.storyboard */; };
		B966A5C5251473B10052BF61 /* moviePosterExample.xcdatamodeld in Sources */ = {isa = PBXBuildFile; fileRef = B966A5C3251473B10052BF61 /* moviePosterExample.xcdatamodeld */; };
		B966A5C7251473B90052BF61 /* Assets.xcassets in Resources */ = {isa = PBXBuildFile; fileRef = B966A5C6251473B90052BF61 /* Assets.xcassets */; };
		B966A5CA251473B90052BF61 /* LaunchScreen.storyboard in Resources */ = {isa = PBXBuildFile; fileRef = B966A5C8251473B90052BF61 /* LaunchScreen.storyboard */; };
		B966A5D5251473B90052BF61 /* moviePosterExampleTests.swift in Sources */ = {isa = PBXBuildFile; fileRef = B966A5D4251473B90052BF61 /* moviePosterExampleTests.swift */; };
		B966A5E0251473B90052BF61 /* moviePosterExampleUITests.swift in Sources */ = {isa = PBXBuildFile; fileRef = B966A5DF251473B90052BF61 /* moviePosterExampleUITests.swift */; };
/* End PBXBuildFile section */

/* Begin PBXContainerItemProxy section */
		B966A5D1251473B90052BF61 /* PBXContainerItemProxy */ = {
			isa = PBXContainerItemProxy;
			containerPortal = B966A5B1251473B10052BF61 /* Project object */;
			proxyType = 1;
			remoteGlobalIDString = B966A5B8251473B10052BF61;
			remoteInfo = moviePosterExample;
		};
		B966A5DC251473B90052BF61 /* PBXContainerItemProxy */ = {
			isa = PBXContainerItemProxy;
			containerPortal = B966A5B1251473B10052BF61 /* Project object */;
			proxyType = 1;
			remoteGlobalIDString = B966A5B8251473B10052BF61;
			remoteInfo = moviePosterExample;
		};
/* End PBXContainerItemProxy section */

/* Begin PBXFileReference section */
		B966A5B9251473B10052BF61 /* moviePosterExample.app */ = {isa = PBXFileReference; explicitFileType = wrapper.application; includeInIndex = 0; path = moviePosterExample.app; sourceTree = BUILT_PRODUCTS_DIR; };
		B966A5BC251473B10052BF61 /* AppDelegate.swift */ = {isa = PBXFileReference; lastKnownFileType = sourcecode.swift; path = AppDelegate.swift; sourceTree = "<group>"; };
		B966A5BE251473B10052BF61 /* ViewController.swift */ = {isa = PBXFileReference; lastKnownFileType = sourcecode.swift; path = ViewController.swift; sourceTree = "<group>"; };
		B966A5C1251473B10052BF61 /* Base */ = {isa = PBXFileReference; lastKnownFileType = file.storyboard; name = Base; path = Base.lproj/Main.storyboard; sourceTree = "<group>"; };
		B966A5C4251473B10052BF61 /* moviePosterExample.xcdatamodel */ = {isa = PBXFileReference; lastKnownFileType = wrapper.xcdatamodel; path = moviePosterExample.xcdatamodel; sourceTree = "<group>"; };
		B966A5C6251473B90052BF61 /* Assets.xcassets */ = {isa = PBXFileReference; lastKnownFileType = folder.assetcatalog; path = Assets.xcassets; sourceTree = "<group>"; };
		B966A5C9251473B90052BF61 /* Base */ = {isa = PBXFileReference; lastKnownFileType = file.storyboard; name = Base; path = Base.lproj/LaunchScreen.storyboard; sourceTree = "<group>"; };
		B966A5CB251473B90052BF61 /* Info.plist */ = {isa = PBXFileReference; lastKnownFileType = text.plist.xml; path = Info.plist; sourceTree = "<group>"; };
		B966A5D0251473B90052BF61 /* moviePosterExampleTests.xctest */ = {isa = PBXFileReference; explicitFileType = wrapper.cfbundle; includeInIndex = 0; path = moviePosterExampleTests.xctest; sourceTree = BUILT_PRODUCTS_DIR; };
		B966A5D4251473B90052BF61 /* moviePosterExampleTests.swift */ = {isa = PBXFileReference; lastKnownFileType = sourcecode.swift; path = moviePosterExampleTests.swift; sourceTree = "<group>"; };
		B966A5D6251473B90052BF61 /* Info.plist */ = {isa = PBXFileReference; lastKnownFileType = text.plist.xml; path = Info.plist; sourceTree = "<group>"; };
		B966A5DB251473B90052BF61 /* moviePosterExampleUITests.xctest */ = {isa = PBXFileReference; explicitFileType = wrapper.cfbundle; includeInIndex = 0; path = moviePosterExampleUITests.xctest; sourceTree = BUILT_PRODUCTS_DIR; };
		B966A5DF251473B90052BF61 /* moviePosterExampleUITests.swift */ = {isa = PBXFileReference; lastKnownFileType = sourcecode.swift; path = moviePosterExampleUITests.swift; sourceTree = "<group>"; };
		B966A5E1251473B90052BF61 /* Info.plist */ = {isa = PBXFileReference; lastKnownFileType = text.plist.xml; path = Info.plist; sourceTree = "<group>"; };
/* End PBXFileReference section */

/* Begin PBXFrameworksBuildPhase section */
		B966A5B6251473B10052BF61 /* Frameworks */ = {
			isa = PBXFrameworksBuildPhase;
			buildActionMask = 2147483647;
			files = (
			);
			runOnlyForDeploymentPostprocessing = 0;
		};
		B966A5CD251473B90052BF61 /* Frameworks */ = {
			isa = PBXFrameworksBuildPhase;
			buildActionMask = 2147483647;
			files = (
			);
			runOnlyForDeploymentPostprocessing = 0;
		};
		B966A5D8251473B90052BF61 /* Frameworks */ = {
			isa = PBXFrameworksBuildPhase;
			buildActionMask = 2147483647;
			files = (
			);
			runOnlyForDeploymentPostprocessing = 0;
		};
/* End PBXFrameworksBuildPhase section */

/* Begin PBXGroup section */
		B966A5B0251473B10052BF61 = {
			isa = PBXGroup;
			children = (
				B966A5BB251473B10052BF61 /* moviePosterExample */,
				B966A5D3251473B90052BF61 /* moviePosterExampleTests */,
				B966A5DE251473B90052BF61 /* moviePosterExampleUITests */,
				B966A5BA251473B10052BF61 /* Products */,
			);
			sourceTree = "<group>";
		};
		B966A5BA251473B10052BF61 /* Products */ = {
			isa = PBXGroup;
			children = (
				B966A5B9251473B10052BF61 /* moviePosterExample.app */,
				B966A5D0251473B90052BF61 /* moviePosterExampleTests.xctest */,
				B966A5DB251473B90052BF61 /* moviePosterExampleUITests.xctest */,
			);
			name = Products;
			sourceTree = "<group>";
		};
		B966A5BB251473B10052BF61 /* moviePosterExample */ = {
			isa = PBXGroup;
			children = (
				B966A5BC251473B10052BF61 /* AppDelegate.swift */,
				B966A5BE251473B10052BF61 /* ViewController.swift */,
				B966A5C0251473B10052BF61 /* Main.storyboard */,
				B966A5C6251473B90052BF61 /* Assets.xcassets */,
				B966A5C8251473B90052BF61 /* LaunchScreen.storyboard */,
				B966A5CB251473B90052BF61 /* Info.plist */,
				B966A5C3251473B10052BF61 /* moviePosterExample.xcdatamodeld */,
			);
			path = moviePosterExample;
			sourceTree = "<group>";
		};
		B966A5D3251473B90052BF61 /* moviePosterExampleTests */ = {
			isa = PBXGroup;
			children = (
				B966A5D4251473B90052BF61 /* moviePosterExampleTests.swift */,
				B966A5D6251473B90052BF61 /* Info.plist */,
			);
			path = moviePosterExampleTests;
			sourceTree = "<group>";
		};
		B966A5DE251473B90052BF61 /* moviePosterExampleUITests */ = {
			isa = PBXGroup;
			children = (
				B966A5DF251473B90052BF61 /* moviePosterExampleUITests.swift */,
				B966A5E1251473B90052BF61 /* Info.plist */,
			);
			path = moviePosterExampleUITests;
			sourceTree = "<group>";
		};
/* End PBXGroup section */

/* Begin PBXNativeTarget section */
		B966A5B8251473B10052BF61 /* moviePosterExample */ = {
			isa = PBXNativeTarget;
			buildConfigurationList = B966A5E4251473B90052BF61 /* Build configuration list for PBXNativeTarget "moviePosterExample" */;
			buildPhases = (
				B966A5B5251473B10052BF61 /* Sources */,
				B966A5B6251473B10052BF61 /* Frameworks */,
				B966A5B7251473B10052BF61 /* Resources */,
			);
			buildRules = (
			);
			dependencies = (
			);
			name = moviePosterExample;
			productName = moviePosterExample;
			productReference = B966A5B9251473B10052BF61 /* moviePosterExample.app */;
			productType = "com.apple.product-type.application";
		};
		B966A5CF251473B90052BF61 /* moviePosterExampleTests */ = {
			isa = PBXNativeTarget;
			buildConfigurationList = B966A5E7251473B90052BF61 /* Build configuration list for PBXNativeTarget "moviePosterExampleTests" */;
			buildPhases = (
				B966A5CC251473B90052BF61 /* Sources */,
				B966A5CD251473B90052BF61 /* Frameworks */,
				B966A5CE251473B90052BF61 /* Resources */,
			);
			buildRules = (
			);
			dependencies = (
				B966A5D2251473B90052BF61 /* PBXTargetDependency */,
			);
			name = moviePosterExampleTests;
			productName = moviePosterExampleTests;
			productReference = B966A5D0251473B90052BF61 /* moviePosterExampleTests.xctest */;
			productType = "com.apple.product-type.bundle.unit-test";
		};
		B966A5DA251473B90052BF61 /* moviePosterExampleUITests */ = {
			isa = PBXNativeTarget;
			buildConfigurationList = B966A5EA251473B90052BF61 /* Build configuration list for PBXNativeTarget "moviePosterExampleUITests" */;
			buildPhases = (
				B966A5D7251473B90052BF61 /* Sources */,
				B966A5D8251473B90052BF61 /* Frameworks */,
				B966A5D9251473B90052BF61 /* Resources */,
			);
			buildRules = (
			);
			dependencies = (
				B966A5DD251473B90052BF61 /* PBXTargetDependency */,
			);
			name = moviePosterExampleUITests;
			productName = moviePosterExampleUITests;
			productReference = B966A5DB251473B90052BF61 /* moviePosterExampleUITests.xctest */;
			productType = "com.apple.product-type.bundle.ui-testing";
		};
/* End PBXNativeTarget section */

/* Begin PBXProject section */
		B966A5B1251473B10052BF61 /* Project object */ = {
			isa = PBXProject;
			attributes = {
				LastSwiftUpdateCheck = 1030;
				LastUpgradeCheck = 1030;
				ORGANIZATIONNAME = "Julian Rich";
				TargetAttributes = {
					B966A5B8251473B10052BF61 = {
						CreatedOnToolsVersion = 10.3;
					};
					B966A5CF251473B90052BF61 = {
						CreatedOnToolsVersion = 10.3;
						TestTargetID = B966A5B8251473B10052BF61;
					};
					B966A5DA251473B90052BF61 = {
						CreatedOnToolsVersion = 10.3;
						TestTargetID = B966A5B8251473B10052BF61;
					};
				};
			};
			buildConfigurationList = B966A5B4251473B10052BF61 /* Build configuration list for PBXProject "moviePosterExample" */;
			compatibilityVersion = "Xcode 9.3";
			developmentRegion = en;
			hasScannedForEncodings = 0;
			knownRegions = (
				en,
				Base,
			);
			mainGroup = B966A5B0251473B10052BF61;
			productRefGroup = B966A5BA251473B10052BF61 /* Products */;
			projectDirPath = "";
			projectRoot = "";
			targets = (
				B966A5B8251473B10052BF61 /* moviePosterExample */,
				B966A5CF251473B90052BF61 /* moviePosterExampleTests */,
				B966A5DA251473B90052BF61 /* moviePosterExampleUITests */,
			);
		};
/* End PBXProject section */

/* Begin PBXResourcesBuildPhase section */
		B966A5B7251473B10052BF61 /* Resources */ = {
			isa = PBXResourcesBuildPhase;
			buildActionMask = 2147483647;
			files = (
				B966A5CA251473B90052BF61 /* LaunchScreen.storyboard in Resources */,
				B966A5C7251473B90052BF61 /* Assets.xcassets in Resources */,
				B966A5C2251473B10052BF61 /* Main.storyboard in Resources */,
			);
			runOnlyForDeploymentPostprocessing = 0;
		};
		B966A5CE251473B90052BF61 /* Resources */ = {
			isa = PBXResourcesBuildPhase;
			buildActionMask = 2147483647;
			files = (
			);
			runOnlyForDeploymentPostprocessing = 0;
		};
		B966A5D9251473B90052BF61 /* Resources */ = {
			isa = PBXResourcesBuildPhase;
			buildActionMask = 2147483647;
			files = (
			);
			runOnlyForDeploymentPostprocessing = 0;
		};
/* End PBXResourcesBuildPhase section */

/* Begin PBXSourcesBuildPhase section */
		B966A5B5251473B10052BF61 /* Sources */ = {
			isa = PBXSourcesBuildPhase;
			buildActionMask = 2147483647;
			files = (
				B966A5C5251473B10052BF61 /* moviePosterExample.xcdatamodeld in Sources */,
				B966A5BF251473B10052BF61 /* ViewController.swift in Sources */,
				B966A5BD251473B10052BF61 /* AppDelegate.swift in Sources */,
			);
			runOnlyForDeploymentPostprocessing = 0;
		};
		B966A5CC251473B90052BF61 /* Sources */ = {
			isa = PBXSourcesBuildPhase;
			buildActionMask = 2147483647;
			files = (
				B966A5D5251473B90052BF61 /* moviePosterExampleTests.swift in Sources */,
			);
			runOnlyForDeploymentPostprocessing = 0;
		};
		B966A5D7251473B90052BF61 /* Sources */ = {
			isa = PBXSourcesBuildPhase;
			buildActionMask = 2147483647;
			files = (
				B966A5E0251473B90052BF61 /* moviePosterExampleUITests.swift in Sources */,
			);
			runOnlyForDeploymentPostprocessing = 0;
		};
/* End PBXSourcesBuildPhase section */

/* Begin PBXTargetDependency section */
		B966A5D2251473B90052BF61 /* PBXTargetDependency */ = {
			isa = PBXTargetDependency;
			target = B966A5B8251473B10052BF61 /* moviePosterExample */;
			targetProxy = B966A5D1251473B90052BF61 /* PBXContainerItemProxy */;
		};
		B966A5DD251473B90052BF61 /* PBXTargetDependency */ = {
			isa = PBXTargetDependency;
			target = B966A5B8251473B10052BF61 /* moviePosterExample */;
			targetProxy = B966A5DC251473B90052BF61 /* PBXContainerItemProxy */;
		};
/* End PBXTargetDependency section */

/* Begin PBXVariantGroup section */
		B966A5C0251473B10052BF61 /* Main.storyboard */ = {
			isa = PBXVariantGroup;
			children = (
				B966A5C1251473B10052BF61 /* Base */,
			);
			name = Main.storyboard;
			sourceTree = "<group>";
		};
		B966A5C8251473B90052BF61 /* LaunchScreen.storyboard */ = {
			isa = PBXVariantGroup;
			children = (
				B966A5C9251473B90052BF61 /* Base */,
			);
			name = LaunchScreen.storyboard;
			sourceTree = "<group>";
		};
/* End PBXVariantGroup section */

/* Begin XCBuildConfiguration section */
		B966A5E2251473B90052BF61 /* Debug */ = {
			isa = XCBuildConfiguration;
			buildSettings = {
				ALWAYS_SEARCH_USER_PATHS = NO;
				CLANG_ANALYZER_NONNULL = YES;
				CLANG_ANALYZER_NUMBER_OBJECT_CONVERSION = YES_AGGRESSIVE;
				CLANG_CXX_LANGUAGE_STANDARD = "gnu++14";
				CLANG_CXX_LIBRARY = "libc++";
				CLANG_ENABLE_MODULES = YES;
				CLANG_ENABLE_OBJC_ARC = YES;
				CLANG_ENABLE_OBJC_WEAK = YES;
				CLANG_WARN_BLOCK_CAPTURE_AUTORELEASING = YES;
				CLANG_WARN_BOOL_CONVERSION = YES;
				CLANG_WARN_COMMA = YES;
				CLANG_WARN_CONSTANT_CONVERSION = YES;
				CLANG_WARN_DEPRECATED_OBJC_IMPLEMENTATIONS = YES;
				CLANG_WARN_DIRECT_OBJC_ISA_USAGE = YES_ERROR;
				CLANG_WARN_DOCUMENTATION_COMMENTS = YES;
				CLANG_WARN_EMPTY_BODY = YES;
				CLANG_WARN_ENUM_CONVERSION = YES;
				CLANG_WARN_INFINITE_RECURSION = YES;
				CLANG_WARN_INT_CONVERSION = YES;
				CLANG_WARN_NON_LITERAL_NULL_CONVERSION = YES;
				CLANG_WARN_OBJC_IMPLICIT_RETAIN_SELF = YES;
				CLANG_WARN_OBJC_LITERAL_CONVERSION = YES;
				CLANG_WARN_OBJC_ROOT_CLASS = YES_ERROR;
				CLANG_WARN_RANGE_LOOP_ANALYSIS = YES;
				CLANG_WARN_STRICT_PROTOTYPES = YES;
				CLANG_WARN_SUSPICIOUS_MOVE = YES;
				CLANG_WARN_UNGUARDED_AVAILABILITY = YES_AGGRESSIVE;
				CLANG_WARN_UNREACHABLE_CODE = YES;
				CLANG_WARN__DUPLICATE_METHOD_MATCH = YES;
				CODE_SIGN_IDENTITY = "iPhone Developer";
				COPY_PHASE_STRIP = NO;
				DEBUG_INFORMATION_FORMAT = dwarf;
				ENABLE_STRICT_OBJC_MSGSEND = YES;
				ENABLE_TESTABILITY = YES;
				GCC_C_LANGUAGE_STANDARD = gnu11;
				GCC_DYNAMIC_NO_PIC = NO;
				GCC_NO_COMMON_BLOCKS = YES;
				GCC_OPTIMIZATION_LEVEL = 0;
				GCC_PREPROCESSOR_DEFINITIONS = (
					"DEBUG=1",
					"$(inherited)",
				);
				GCC_WARN_64_TO_32_BIT_CONVERSION = YES;
				GCC_WARN_ABOUT_RETURN_TYPE = YES_ERROR;
				GCC_WARN_UNDECLARED_SELECTOR = YES;
				GCC_WARN_UNINITIALIZED_AUTOS = YES_AGGRESSIVE;
				GCC_WARN_UNUSED_FUNCTION = YES;
				GCC_WARN_UNUSED_VARIABLE = YES;
				IPHONEOS_DEPLOYMENT_TARGET = 12.4;
				MTL_ENABLE_DEBUG_INFO = INCLUDE_SOURCE;
				MTL_FAST_MATH = YES;
				ONLY_ACTIVE_ARCH = YES;
				SDKROOT = iphoneos;
				SWIFT_ACTIVE_COMPILATION_CONDITIONS = DEBUG;
				SWIFT_OPTIMIZATION_LEVEL = "-Onone";
			};
			name = Debug;
		};
		B966A5E3251473B90052BF61 /* Release */ = {
			isa = XCBuildConfiguration;
			buildSettings = {
				ALWAYS_SEARCH_USER_PATHS = NO;
				CLANG_ANALYZER_NONNULL = YES;
				CLANG_ANALYZER_NUMBER_OBJECT_CONVERSION = YES_AGGRESSIVE;
				CLANG_CXX_LANGUAGE_STANDARD = "gnu++14";
				CLANG_CXX_LIBRARY = "libc++";
				CLANG_ENABLE_MODULES = YES;
				CLANG_ENABLE_OBJC_ARC = YES;
				CLANG_ENABLE_OBJC_WEAK = YES;
				CLANG_WARN_BLOCK_CAPTURE_AUTORELEASING = YES;
				CLANG_WARN_BOOL_CONVERSION = YES;
				CLANG_WARN_COMMA = YES;
				CLANG_WARN_CONSTANT_CONVERSION = YES;
				CLANG_WARN_DEPRECATED_OBJC_IMPLEMENTATIONS = YES;
				CLANG_WARN_DIRECT_OBJC_ISA_USAGE = YES_ERROR;
				CLANG_WARN_DOCUMENTATION_COMMENTS = YES;
				CLANG_WARN_EMPTY_BODY = YES;
				CLANG_WARN_ENUM_CONVERSION = YES;
				CLANG_WARN_INFINITE_RECURSION = YES;
				CLANG_WARN_INT_CONVERSION = YES;
				CLANG_WARN_NON_LITERAL_NULL_CONVERSION = YES;
				CLANG_WARN_OBJC_IMPLICIT_RETAIN_SELF = YES;
				CLANG_WARN_OBJC_LITERAL_CONVERSION = YES;
				CLANG_WARN_OBJC_ROOT_CLASS = YES_ERROR;
				CLANG_WARN_RANGE_LOOP_ANALYSIS = YES;
				CLANG_WARN_STRICT_PROTOTYPES = YES;
				CLANG_WARN_SUSPICIOUS_MOVE = YES;
				CLANG_WARN_UNGUARDED_AVAILABILITY = YES_AGGRESSIVE;
				CLANG_WARN_UNREACHABLE_CODE = YES;
				CLANG_WARN__DUPLICATE_METHOD_MATCH = YES;
				CODE_SIGN_IDENTITY = "iPhone Developer";
				COPY_PHASE_STRIP = NO;
				DEBUG_INFORMATION_FORMAT = "dwarf-with-dsym";
				ENABLE_NS_ASSERTIONS = NO;
				ENABLE_STRICT_OBJC_MSGSEND = YES;
				GCC_C_LANGUAGE_STANDARD = gnu11;
				GCC_NO_COMMON_BLOCKS = YES;
				GCC_WARN_64_TO_32_BIT_CONVERSION = YES;
				GCC_WARN_ABOUT_RETURN_TYPE = YES_ERROR;
				GCC_WARN_UNDECLARED_SELECTOR = YES;
				GCC_WARN_UNINITIALIZED_AUTOS = YES_AGGRESSIVE;
				GCC_WARN_UNUSED_FUNCTION = YES;
				GCC_WARN_UNUSED_VARIABLE = YES;
				IPHONEOS_DEPLOYMENT_TARGET = 12.4;
				MTL_ENABLE_DEBUG_INFO = NO;
				MTL_FAST_MATH = YES;
				SDKROOT = iphoneos;
				SWIFT_COMPILATION_MODE = wholemodule;
				SWIFT_OPTIMIZATION_LEVEL = "-O";
				VALIDATE_PRODUCT = YES;
			};
			name = Release;
		};
		B966A5E5251473B90052BF61 /* Debug */ = {
			isa = XCBuildConfiguration;
			buildSettings = {
				ASSETCATALOG_COMPILER_APPICON_NAME = AppIcon;
				CODE_SIGN_STYLE = Automatic;
				DEVELOPMENT_TEAM = V27LHVNRVB;
				INFOPLIST_FILE = moviePosterExample/Info.plist;
				LD_RUNPATH_SEARCH_PATHS = (
					"$(inherited)",
					"@executable_path/Frameworks",
				);
				PRODUCT_BUNDLE_IDENTIFIER = com.jrich.moviePosterExample;
				PRODUCT_NAME = "$(TARGET_NAME)";
				SWIFT_VERSION = 4.0;
				TARGETED_DEVICE_FAMILY = "1,2";
			};
			name = Debug;
		};
		B966A5E6251473B90052BF61 /* Release */ = {
			isa = XCBuildConfiguration;
			buildSettings = {
				ASSETCATALOG_COMPILER_APPICON_NAME = AppIcon;
				CODE_SIGN_STYLE = Automatic;
				DEVELOPMENT_TEAM = V27LHVNRVB;
				INFOPLIST_FILE = moviePosterExample/Info.plist;
				LD_RUNPATH_SEARCH_PATHS = (
					"$(inherited)",
					"@executable_path/Frameworks",
				);
				PRODUCT_BUNDLE_IDENTIFIER = com.jrich.moviePosterExample;
				PRODUCT_NAME = "$(TARGET_NAME)";
				SWIFT_VERSION = 4.0;
				TARGETED_DEVICE_FAMILY = "1,2";
			};
			name = Release;
		};
		B966A5E8251473B90052BF61 /* Debug */ = {
			isa = XCBuildConfiguration;
			buildSettings = {
				ALWAYS_EMBED_SWIFT_STANDARD_LIBRARIES = YES;
				BUNDLE_LOADER = "$(TEST_HOST)";
				CODE_SIGN_STYLE = Automatic;
				DEVELOPMENT_TEAM = V27LHVNRVB;
				INFOPLIST_FILE = moviePosterExampleTests/Info.plist;
				LD_RUNPATH_SEARCH_PATHS = (
					"$(inherited)",
					"@executable_path/Frameworks",
					"@loader_path/Frameworks",
				);
				PRODUCT_BUNDLE_IDENTIFIER = com.jrich.moviePosterExampleTests;
				PRODUCT_NAME = "$(TARGET_NAME)";
				SWIFT_VERSION = 5.0;
				TARGETED_DEVICE_FAMILY = "1,2";
				TEST_HOST = "$(BUILT_PRODUCTS_DIR)/moviePosterExample.app/moviePosterExample";
			};
			name = Debug;
		};
		B966A5E9251473B90052BF61 /* Release */ = {
			isa = XCBuildConfiguration;
			buildSettings = {
				ALWAYS_EMBED_SWIFT_STANDARD_LIBRARIES = YES;
				BUNDLE_LOADER = "$(TEST_HOST)";
				CODE_SIGN_STYLE = Automatic;
				DEVELOPMENT_TEAM = V27LHVNRVB;
				INFOPLIST_FILE = moviePosterExampleTests/Info.plist;
				LD_RUNPATH_SEARCH_PATHS = (
					"$(inherited)",
					"@executable_path/Frameworks",
					"@loader_path/Frameworks",
				);
				PRODUCT_BUNDLE_IDENTIFIER = com.jrich.moviePosterExampleTests;
				PRODUCT_NAME = "$(TARGET_NAME)";
				SWIFT_VERSION = 5.0;
				TARGETED_DEVICE_FAMILY = "1,2";
				TEST_HOST = "$(BUILT_PRODUCTS_DIR)/moviePosterExample.app/moviePosterExample";
			};
			name = Release;
		};
		B966A5EB251473B90052BF61 /* Debug */ = {
			isa = XCBuildConfiguration;
			buildSettings = {
				ALWAYS_EMBED_SWIFT_STANDARD_LIBRARIES = YES;
				CODE_SIGN_STYLE = Automatic;
				DEVELOPMENT_TEAM = V27LHVNRVB;
				INFOPLIST_FILE = moviePosterExampleUITests/Info.plist;
				LD_RUNPATH_SEARCH_PATHS = (
					"$(inherited)",
					"@executable_path/Frameworks",
					"@loader_path/Frameworks",
				);
				PRODUCT_BUNDLE_IDENTIFIER = com.jrich.moviePosterExampleUITests;
				PRODUCT_NAME = "$(TARGET_NAME)";
				SWIFT_VERSION = 5.0;
				TARGETED_DEVICE_FAMILY = "1,2";
				TEST_TARGET_NAME = moviePosterExample;
			};
			name = Debug;
		};
		B966A5EC251473B90052BF61 /* Release */ = {
			isa = XCBuildConfiguration;
			buildSettings = {
				ALWAYS_EMBED_SWIFT_STANDARD_LIBRARIES = YES;
				CODE_SIGN_STYLE = Automatic;
				DEVELOPMENT_TEAM = V27LHVNRVB;
				INFOPLIST_FILE = moviePosterExampleUITests/Info.plist;
				LD_RUNPATH_SEARCH_PATHS = (
					"$(inherited)",
					"@executable_path/Frameworks",
					"@loader_path/Frameworks",
				);
				PRODUCT_BUNDLE_IDENTIFIER = com.jrich.moviePosterExampleUITests;
				PRODUCT_NAME = "$(TARGET_NAME)";
				SWIFT_VERSION = 5.0;
				TARGETED_DEVICE_FAMILY = "1,2";
				TEST_TARGET_NAME = moviePosterExample;
			};
			name = Release;
		};
/* End XCBuildConfiguration section */

/* Begin XCConfigurationList section */
		B966A5B4251473B10052BF61 /* Build configuration list for PBXProject "moviePosterExample" */ = {
			isa = XCConfigurationList;
			buildConfigurations = (
				B966A5E2251473B90052BF61 /* Debug */,
				B966A5E3251473B90052BF61 /* Release */,
			);
			defaultConfigurationIsVisible = 0;
			defaultConfigurationName = Release;
		};
		B966A5E4251473B90052BF61 /* Build configuration list for PBXNativeTarget "moviePosterExample" */ = {
			isa = XCConfigurationList;
			buildConfigurations = (
				B966A5E5251473B90052BF61 /* Debug */,
				B966A5E6251473B90052BF61 /* Release */,
			);
			defaultConfigurationIsVisible = 0;
			defaultConfigurationName = Release;
		};
		B966A5E7251473B90052BF61 /* Build configuration list for PBXNativeTarget "moviePosterExampleTests" */ = {
			isa = XCConfigurationList;
			buildConfigurations = (
				B966A5E8251473B90052BF61 /* Debug */,
				B966A5E9251473B90052BF61 /* Release */,
			);
			defaultConfigurationIsVisible = 0;
			defaultConfigurationName = Release;
		};
		B966A5EA251473B90052BF61 /* Build configuration list for PBXNativeTarget "moviePosterExampleUITests" */ = {
			isa = XCConfigurationList;
			buildConfigurations = (
				B966A5EB251473B90052BF61 /* Debug */,
				B966A5EC251473B90052BF61 /* Release */,
			);
			defaultConfigurationIsVisible = 0;
			defaultConfigurationName = Release;
		};
/* End XCConfigurationList section */

/* Begin XCVersionGroup section */
		B966A5C3251473B10052BF61 /* moviePosterExample.xcdatamodeld */ = {
			isa = XCVersionGroup;
			children = (
				B966A5C4251473B10052BF61 /* moviePosterExample.xcdatamodel */,
			);
			currentVersion = B966A5C4251473B10052BF61 /* moviePosterExample.xcdatamodel */;
			path = moviePosterExample.xcdatamodeld;
			sourceTree = "<group>";
			versionGroupType = wrapper.xcdatamodel;
		};
/* End XCVersionGroup section */
	};
	rootObject = B966A5B1251473B10052BF61 /* Project object */;
}
